<?xml version="1.0" encoding="utf-8"?>
<Project ToolsVersion="4.0" xmlns="http://schemas.microsoft.com/developer/msbuild/2003">
  <ItemGroup>
    <ClCompile Include="src\ofApp.cpp">
      <Filter>src</Filter>
    </ClCompile>
    <ClCompile Include="src\main.cpp">
      <Filter>src</Filter>
    </ClCompile>
    <ClCompile Include="..\..\..\addons\ofxGui\src\ofxBaseGui.cpp">
      <Filter>addons\ofxGui\src</Filter>
    </ClCompile>
    <ClCompile Include="..\..\..\addons\ofxGui\src\ofxButton.cpp">
      <Filter>addons\ofxGui\src</Filter>
    </ClCompile>
    <ClCompile Include="..\..\..\addons\ofxGui\src\ofxColorPicker.cpp">
      <Filter>addons\ofxGui\src</Filter>
    </ClCompile>
    <ClCompile Include="..\..\..\addons\ofxGui\src\ofxGuiGroup.cpp">
      <Filter>addons\ofxGui\src</Filter>
    </ClCompile>
    <ClCompile Include="..\..\..\addons\ofxGui\src\ofxInputField.cpp">
      <Filter>addons\ofxGui\src</Filter>
    </ClCompile>
    <ClCompile Include="..\..\..\addons\ofxGui\src\ofxLabel.cpp">
      <Filter>addons\ofxGui\src</Filter>
    </ClCompile>
    <ClCompile Include="..\..\..\addons\ofxGui\src\ofxPanel.cpp">
      <Filter>addons\ofxGui\src</Filter>
    </ClCompile>
    <ClCompile Include="..\..\..\addons\ofxGui\src\ofxSlider.cpp">
      <Filter>addons\ofxGui\src</Filter>
    </ClCompile>
    <ClCompile Include="..\..\..\addons\ofxGui\src\ofxSliderGroup.cpp">
      <Filter>addons\ofxGui\src</Filter>
    </ClCompile>
    <ClCompile Include="..\..\..\addons\ofxGui\src\ofxToggle.cpp">
      <Filter>addons\ofxGui\src</Filter>
    </ClCompile>
    <ClCompile Include="Collision.cpp">
      <Filter>src</Filter>
    </ClCompile>
    <ClCompile Include="World.cpp">
      <Filter>src</Filter>
    </ClCompile>
    <ClCompile Include="ElasticSpringGenerator.cpp">
      <Filter>src\Force\SpringGenerator</Filter>
    </ClCompile>
    <ClCompile Include="RigidSpringGenerator.cpp">
      <Filter>src\Force\SpringGenerator</Filter>
    </ClCompile>
    <ClCompile Include="SpringGenerator.cpp">
      <Filter>src\Force\SpringGenerator</Filter>
    </ClCompile>
    <ClCompile Include="SpringHooke1Generator.cpp">
      <Filter>src\Force\SpringGenerator</Filter>
    </ClCompile>
    <ClCompile Include="Vector.cpp">
      <Filter>src\Vector</Filter>
    </ClCompile>
    <ClCompile Include="VectorTest.cpp">
      <Filter>src\Vector</Filter>
    </ClCompile>
    <ClCompile Include="ForceGenerator.cpp">
      <Filter>src\Force</Filter>
    </ClCompile>
    <ClCompile Include="ForceRegistry.cpp">
      <Filter>src\Force</Filter>
    </ClCompile>
    <ClCompile Include="FrictionGenerator.cpp">
      <Filter>src\Force</Filter>
    </ClCompile>
    <ClCompile Include="GravityGenerator.cpp">
      <Filter>src\Force</Filter>
    </ClCompile>
    <ClCompile Include="Particle.cpp">
      <Filter>src\Particle</Filter>
    </ClCompile>
    <ClCompile Include="Quaternion.cpp">
      <Filter>src</Filter>
    </ClCompile>
    <ClCompile Include="QuaternionTest.cpp" />
  </ItemGroup>
  <ItemGroup>
    <Filter Include="src">
      <UniqueIdentifier>{d8376475-7454-4a24-b08a-aac121d3ad6f}</UniqueIdentifier>
    </Filter>
    <Filter Include="addons">
      <UniqueIdentifier>{D1F46D0E--0E7-4-46-DF-8-714-964852600117}</UniqueIdentifier>
    </Filter>
    <Filter Include="addons\ofxGui">
      <UniqueIdentifier>{252EDA78--7E0-5-4A-07-A-E91-37FA2F03B741}</UniqueIdentifier>
    </Filter>
    <Filter Include="addons\ofxGui\src">
      <UniqueIdentifier>{1A51B104--803-E-40-67-B-D9C-6188C60F57D2}</UniqueIdentifier>
    </Filter>
    <Filter Include="src\Vector">
      <UniqueIdentifier>{a73e6525-f0b8-44c4-ba86-e58995728958}</UniqueIdentifier>
    </Filter>
    <Filter Include="src\Force">
      <UniqueIdentifier>{a30c177f-80c6-496f-acce-9bbbd666f48a}</UniqueIdentifier>
    </Filter>
    <Filter Include="src\Particle">
      <UniqueIdentifier>{99420acb-e4c4-4e26-82b2-7d6280da95bf}</UniqueIdentifier>
    </Filter>
    <Filter Include="src\Force\SpringGenerator">
      <UniqueIdentifier>{a7f203ae-1e18-4cb3-abb7-4034df0cac73}</UniqueIdentifier>
    </Filter>
  </ItemGroup>
  <ItemGroup>
    <ClInclude Include="src\ofApp.h">
      <Filter>src</Filter>
    </ClInclude>
    <ClInclude Include="..\..\..\addons\ofxGui\src\ofxBaseGui.h">
      <Filter>addons\ofxGui\src</Filter>
    </ClInclude>
    <ClInclude Include="..\..\..\addons\ofxGui\src\ofxButton.h">
      <Filter>addons\ofxGui\src</Filter>
    </ClInclude>
    <ClInclude Include="..\..\..\addons\ofxGui\src\ofxColorPicker.h">
      <Filter>addons\ofxGui\src</Filter>
    </ClInclude>
    <ClInclude Include="..\..\..\addons\ofxGui\src\ofxGui.h">
      <Filter>addons\ofxGui\src</Filter>
    </ClInclude>
    <ClInclude Include="..\..\..\addons\ofxGui\src\ofxGuiGroup.h">
      <Filter>addons\ofxGui\src</Filter>
    </ClInclude>
    <ClInclude Include="..\..\..\addons\ofxGui\src\ofxGuiUtils.h">
      <Filter>addons\ofxGui\src</Filter>
    </ClInclude>
    <ClInclude Include="..\..\..\addons\ofxGui\src\ofxInputField.h">
      <Filter>addons\ofxGui\src</Filter>
    </ClInclude>
    <ClInclude Include="..\..\..\addons\ofxGui\src\ofxLabel.h">
      <Filter>addons\ofxGui\src</Filter>
    </ClInclude>
    <ClInclude Include="..\..\..\addons\ofxGui\src\ofxPanel.h">
      <Filter>addons\ofxGui\src</Filter>
    </ClInclude>
    <ClInclude Include="..\..\..\addons\ofxGui\src\ofxSlider.h">
      <Filter>addons\ofxGui\src</Filter>
    </ClInclude>
    <ClInclude Include="..\..\..\addons\ofxGui\src\ofxSliderGroup.h">
      <Filter>addons\ofxGui\src</Filter>
    </ClInclude>
    <ClInclude Include="..\..\..\addons\ofxGui\src\ofxToggle.h">
      <Filter>addons\ofxGui\src</Filter>
    </ClInclude>
    <ClInclude Include="Collision.h">
      <Filter>src</Filter>
    </ClInclude>
    <ClInclude Include="World.h">
      <Filter>src</Filter>
    </ClInclude>
    <ClInclude Include="ElasticSpringGenerator.h">
      <Filter>src\Force\SpringGenerator</Filter>
    </ClInclude>
    <ClInclude Include="RigidSpringGenerator.h">
      <Filter>src\Force\SpringGenerator</Filter>
    </ClInclude>
    <ClInclude Include="SpringGenerator.h">
      <Filter>src\Force\SpringGenerator</Filter>
    </ClInclude>
    <ClInclude Include="SpringHooke1Generator.h">
      <Filter>src\Force\SpringGenerator</Filter>
    </ClInclude>
    <ClInclude Include="Vector.h">
      <Filter>src\Vector</Filter>
    </ClInclude>
    <ClInclude Include="VectorTest.h">
      <Filter>src\Vector</Filter>
    </ClInclude>
    <ClInclude Include="GravityGenerator.h">
      <Filter>src\Force</Filter>
    </ClInclude>
    <ClInclude Include="ForceGenerator.h">
      <Filter>src\Force</Filter>
    </ClInclude>
    <ClInclude Include="ForceRegistry.h">
      <Filter>src\Force</Filter>
    </ClInclude>
    <ClInclude Include="FrictionGenerator.h">
      <Filter>src\Force</Filter>
    </ClInclude>
    <ClInclude Include="Particle.h">
      <Filter>src\Particle</Filter>
    </ClInclude>
    <ClInclude Include="Quaternion.h">
      <Filter>src</Filter>
    </ClInclude>
    <ClInclude Include="QuaternionTest.h">
      <Filter>src</Filter>
    </ClInclude>
  </ItemGroup>
  <ItemGroup>
    <ResourceCompile Include="icon.rc" />
  </ItemGroup>
  <ItemGroup>
    <None Include="README.md">
      <Filter>src</Filter>
    </None>
  </ItemGroup>
</Project>